hash: 5901cfb051fda83e01a9eac23c02ee5b97b9730ed7601c107a0194f1ce113450
updated: 2017-05-13T16:37:16.46567284-04:00
imports:
- name: github.com/aws/aws-sdk-go
  version: cea091b5b8fe6fcecf0eb6ec8f1a2570ff4ee6a7
- name: github.com/spf13/pflag
  version: e57e3eeb33f795204c1ca35f56c44f83227c6e66
testImports: []
